// !$*UTF8*$!
{
	archiveVersion = 1;
	classes = {
	};
	objectVersion = 50;
	objects = {

/* Begin PBXBuildFile section */
		3A05C94822A3448100143AAF /* AppDelegate.swift in Sources */ = {isa = PBXBuildFile; fileRef = 3A05C94722A3448100143AAF /* AppDelegate.swift */; };
		3A05C94A22A3448100143AAF /* CounterViewController.swift in Sources */ = {isa = PBXBuildFile; fileRef = 3A05C94922A3448100143AAF /* CounterViewController.swift */; };
		3A05C94D22A3448100143AAF /* Main.storyboard in Resources */ = {isa = PBXBuildFile; fileRef = 3A05C94B22A3448100143AAF /* Main.storyboard */; };
		3A05C95222A3448300143AAF /* Assets.xcassets in Resources */ = {isa = PBXBuildFile; fileRef = 3A05C95122A3448300143AAF /* Assets.xcassets */; };
		3A05C95522A3448300143AAF /* LaunchScreen.storyboard in Resources */ = {isa = PBXBuildFile; fileRef = 3A05C95322A3448300143AAF /* LaunchScreen.storyboard */; };
		3A05C95D22A344B900143AAF /* ReduxCore.swift in Sources */ = {isa = PBXBuildFile; fileRef = 3A05C95C22A344B900143AAF /* ReduxCore.swift */; };
		3A05C95F22A346F800143AAF /* CounterRedux.swift in Sources */ = {isa = PBXBuildFile; fileRef = 3A05C95E22A346F800143AAF /* CounterRedux.swift */; };
		3A30E7E922A80ABE00FF3A4E /* ReduxSampleUITests.swift in Sources */ = {isa = PBXBuildFile; fileRef = 3A30E7E822A80ABE00FF3A4E /* ReduxSampleUITests.swift */; };
		3A30E7F722AAA9A100FF3A4E /* ReduxSampleTests.swift in Sources */ = {isa = PBXBuildFile; fileRef = 3A30E7F622AAA9A100FF3A4E /* ReduxSampleTests.swift */; };
/* End PBXBuildFile section */

/* Begin PBXContainerItemProxy section */
		3A30E7EB22A80ABE00FF3A4E /* PBXContainerItemProxy */ = {
			isa = PBXContainerItemProxy;
			containerPortal = 3A05C93C22A3448100143AAF /* Project object */;
			proxyType = 1;
			remoteGlobalIDString = 3A05C94322A3448100143AAF;
			remoteInfo = ReduxSample;
		};
		3A30E7F922AAA9A100FF3A4E /* PBXContainerItemProxy */ = {
			isa = PBXContainerItemProxy;
			containerPortal = 3A05C93C22A3448100143AAF /* Project object */;
			proxyType = 1;
			remoteGlobalIDString = 3A05C94322A3448100143AAF;
			remoteInfo = ReduxSample;
		};
/* End PBXContainerItemProxy section */

/* Begin PBXFileReference section */
		3A05C94422A3448100143AAF /* ReduxSample.app */ = {isa = PBXFileReference; explicitFileType = wrapper.application; includeInIndex = 0; path = ReduxSample.app; sourceTree = BUILT_PRODUCTS_DIR; };
		3A05C94722A3448100143AAF /* AppDelegate.swift */ = {isa = PBXFileReference; lastKnownFileType = sourcecode.swift; path = AppDelegate.swift; sourceTree = "<group>"; };
		3A05C94922A3448100143AAF /* CounterViewController.swift */ = {isa = PBXFileReference; lastKnownFileType = sourcecode.swift; path = CounterViewController.swift; sourceTree = "<group>"; };
		3A05C94C22A3448100143AAF /* Base */ = {isa = PBXFileReference; lastKnownFileType = file.storyboard; name = Base; path = Base.lproj/Main.storyboard; sourceTree = "<group>"; };
		3A05C95122A3448300143AAF /* Assets.xcassets */ = {isa = PBXFileReference; lastKnownFileType = folder.assetcatalog; path = Assets.xcassets; sourceTree = "<group>"; };
		3A05C95422A3448300143AAF /* Base */ = {isa = PBXFileReference; lastKnownFileType = file.storyboard; name = Base; path = Base.lproj/LaunchScreen.storyboard; sourceTree = "<group>"; };
		3A05C95622A3448300143AAF /* Info.plist */ = {isa = PBXFileReference; lastKnownFileType = text.plist.xml; path = Info.plist; sourceTree = "<group>"; };
		3A05C95C22A344B900143AAF /* ReduxCore.swift */ = {isa = PBXFileReference; lastKnownFileType = sourcecode.swift; path = ReduxCore.swift; sourceTree = "<group>"; };
		3A05C95E22A346F800143AAF /* CounterRedux.swift */ = {isa = PBXFileReference; lastKnownFileType = sourcecode.swift; path = CounterRedux.swift; sourceTree = "<group>"; };
		3A30E7E622A80ABE00FF3A4E /* ReduxSampleUITests.xctest */ = {isa = PBXFileReference; explicitFileType = wrapper.cfbundle; includeInIndex = 0; path = ReduxSampleUITests.xctest; sourceTree = BUILT_PRODUCTS_DIR; };
		3A30E7E822A80ABE00FF3A4E /* ReduxSampleUITests.swift */ = {isa = PBXFileReference; lastKnownFileType = sourcecode.swift; path = ReduxSampleUITests.swift; sourceTree = "<group>"; };
		3A30E7EA22A80ABE00FF3A4E /* Info.plist */ = {isa = PBXFileReference; lastKnownFileType = text.plist.xml; path = Info.plist; sourceTree = "<group>"; };
		3A30E7F422AAA9A100FF3A4E /* ReduxSampleTests.xctest */ = {isa = PBXFileReference; explicitFileType = wrapper.cfbundle; includeInIndex = 0; path = ReduxSampleTests.xctest; sourceTree = BUILT_PRODUCTS_DIR; };
		3A30E7F622AAA9A100FF3A4E /* ReduxSampleTests.swift */ = {isa = PBXFileReference; lastKnownFileType = sourcecode.swift; path = ReduxSampleTests.swift; sourceTree = "<group>"; };
		3A30E7F822AAA9A100FF3A4E /* Info.plist */ = {isa = PBXFileReference; lastKnownFileType = text.plist.xml; path = Info.plist; sourceTree = "<group>"; };
/* End PBXFileReference section */

/* Begin PBXFrameworksBuildPhase section */
		3A05C94122A3448100143AAF /* Frameworks */ = {
			isa = PBXFrameworksBuildPhase;
			buildActionMask = 2147483647;
			files = (
			);
			runOnlyForDeploymentPostprocessing = 0;
		};
		3A30E7E322A80ABE00FF3A4E /* Frameworks */ = {
			isa = PBXFrameworksBuildPhase;
			buildActionMask = 2147483647;
			files = (
			);
			runOnlyForDeploymentPostprocessing = 0;
		};
		3A30E7F122AAA9A100FF3A4E /* Frameworks */ = {
			isa = PBXFrameworksBuildPhase;
			buildActionMask = 2147483647;
			files = (
			);
			runOnlyForDeploymentPostprocessing = 0;
		};
/* End PBXFrameworksBuildPhase section */

/* Begin PBXGroup section */
		3A05C93B22A3448100143AAF = {
			isa = PBXGroup;
			children = (
				3A05C94622A3448100143AAF /* ReduxSample */,
				3A30E7E722A80ABE00FF3A4E /* ReduxSampleUITests */,
				3A30E7F522AAA9A100FF3A4E /* ReduxSampleTests */,
				3A05C94522A3448100143AAF /* Products */,
			);
			sourceTree = "<group>";
		};
		3A05C94522A3448100143AAF /* Products */ = {
			isa = PBXGroup;
			children = (
				3A05C94422A3448100143AAF /* ReduxSample.app */,
				3A30E7E622A80ABE00FF3A4E /* ReduxSampleUITests.xctest */,
				3A30E7F422AAA9A100FF3A4E /* ReduxSampleTests.xctest */,
			);
			name = Products;
			sourceTree = "<group>";
		};
		3A05C94622A3448100143AAF /* ReduxSample */ = {
			isa = PBXGroup;
			children = (
				3A05C94722A3448100143AAF /* AppDelegate.swift */,
				3A05C94922A3448100143AAF /* CounterViewController.swift */,
				3A05C94B22A3448100143AAF /* Main.storyboard */,
				3A05C95122A3448300143AAF /* Assets.xcassets */,
				3A05C95322A3448300143AAF /* LaunchScreen.storyboard */,
				3A05C95622A3448300143AAF /* Info.plist */,
				3A05C95C22A344B900143AAF /* ReduxCore.swift */,
				3A05C95E22A346F800143AAF /* CounterRedux.swift */,
			);
			path = ReduxSample;
			sourceTree = "<group>";
		};
		3A30E7E722A80ABE00FF3A4E /* ReduxSampleUITests */ = {
			isa = PBXGroup;
			children = (
				3A30E7E822A80ABE00FF3A4E /* ReduxSampleUITests.swift */,
				3A30E7EA22A80ABE00FF3A4E /* Info.plist */,
			);
			path = ReduxSampleUITests;
			sourceTree = "<group>";
		};
		3A30E7F522AAA9A100FF3A4E /* ReduxSampleTests */ = {
			isa = PBXGroup;
			children = (
				3A30E7F622AAA9A100FF3A4E /* ReduxSampleTests.swift */,
				3A30E7F822AAA9A100FF3A4E /* Info.plist */,
			);
			path = ReduxSampleTests;
			sourceTree = "<group>";
		};
/* End PBXGroup section */

/* Begin PBXNativeTarget section */
		3A05C94322A3448100143AAF /* ReduxSample */ = {
			isa = PBXNativeTarget;
			buildConfigurationList = 3A05C95922A3448300143AAF /* Build configuration list for PBXNativeTarget "ReduxSample" */;
			buildPhases = (
				3A05C94022A3448100143AAF /* Sources */,
				3A05C94122A3448100143AAF /* Frameworks */,
				3A05C94222A3448100143AAF /* Resources */,
			);
			buildRules = (
			);
			dependencies = (
			);
			name = ReduxSample;
			productName = ReduxSample;
			productReference = 3A05C94422A3448100143AAF /* ReduxSample.app */;
			productType = "com.apple.product-type.application";
		};
		3A30E7E522A80ABE00FF3A4E /* ReduxSampleUITests */ = {
			isa = PBXNativeTarget;
			buildConfigurationList = 3A30E7EF22A80ABE00FF3A4E /* Build configuration list for PBXNativeTarget "ReduxSampleUITests" */;
			buildPhases = (
				3A30E7E222A80ABE00FF3A4E /* Sources */,
				3A30E7E322A80ABE00FF3A4E /* Frameworks */,
				3A30E7E422A80ABE00FF3A4E /* Resources */,
			);
			buildRules = (
			);
			dependencies = (
				3A30E7EC22A80ABE00FF3A4E /* PBXTargetDependency */,
			);
			name = ReduxSampleUITests;
			productName = ReduxSampleUITests;
			productReference = 3A30E7E622A80ABE00FF3A4E /* ReduxSampleUITests.xctest */;
			productType = "com.apple.product-type.bundle.ui-testing";
		};
		3A30E7F322AAA9A100FF3A4E /* ReduxSampleTests */ = {
			isa = PBXNativeTarget;
			buildConfigurationList = 3A30E7FB22AAA9A100FF3A4E /* Build configuration list for PBXNativeTarget "ReduxSampleTests" */;
			buildPhases = (
				3A30E7F022AAA9A100FF3A4E /* Sources */,
				3A30E7F122AAA9A100FF3A4E /* Frameworks */,
				3A30E7F222AAA9A100FF3A4E /* Resources */,
			);
			buildRules = (
			);
			dependencies = (
				3A30E7FA22AAA9A100FF3A4E /* PBXTargetDependency */,
			);
			name = ReduxSampleTests;
			productName = ReduxSampleTests;
			productReference = 3A30E7F422AAA9A100FF3A4E /* ReduxSampleTests.xctest */;
			productType = "com.apple.product-type.bundle.unit-test";
		};
/* End PBXNativeTarget section */

/* Begin PBXProject section */
		3A05C93C22A3448100143AAF /* Project object */ = {
			isa = PBXProject;
			attributes = {
				LastSwiftUpdateCheck = 1010;
				LastUpgradeCheck = 1010;
				ORGANIZATIONNAME = abdelrahman;
				TargetAttributes = {
					3A05C94322A3448100143AAF = {
						CreatedOnToolsVersion = 10.1;
					};
					3A30E7E522A80ABE00FF3A4E = {
						CreatedOnToolsVersion = 10.1;
						TestTargetID = 3A05C94322A3448100143AAF;
					};
					3A30E7F322AAA9A100FF3A4E = {
						CreatedOnToolsVersion = 10.1;
						TestTargetID = 3A05C94322A3448100143AAF;
					};
				};
			};
			buildConfigurationList = 3A05C93F22A3448100143AAF /* Build configuration list for PBXProject "ReduxSample" */;
			compatibilityVersion = "Xcode 9.3";
			developmentRegion = en;
			hasScannedForEncodings = 0;
			knownRegions = (
				en,
				Base,
			);
			mainGroup = 3A05C93B22A3448100143AAF;
			productRefGroup = 3A05C94522A3448100143AAF /* Products */;
			projectDirPath = "";
			projectRoot = "";
			targets = (
				3A05C94322A3448100143AAF /* ReduxSample */,
				3A30E7E522A80ABE00FF3A4E /* ReduxSampleUITests */,
				3A30E7F322AAA9A100FF3A4E /* ReduxSampleTests */,
			);
		};
/* End PBXProject section */

/* Begin PBXResourcesBuildPhase section */
		3A05C94222A3448100143AAF /* Resources */ = {
			isa = PBXResourcesBuildPhase;
			buildActionMask = 2147483647;
			files = (
				3A05C95522A3448300143AAF /* LaunchScreen.storyboard in Resources */,
				3A05C95222A3448300143AAF /* Assets.xcassets in Resources */,
				3A05C94D22A3448100143AAF /* Main.storyboard in Resources */,
			);
			runOnlyForDeploymentPostprocessing = 0;
		};
		3A30E7E422A80ABE00FF3A4E /* Resources */ = {
			isa = PBXResourcesBuildPhase;
			buildActionMask = 2147483647;
			files = (
			);
			runOnlyForDeploymentPostprocessing = 0;
		};
		3A30E7F222AAA9A100FF3A4E /* Resources */ = {
			isa = PBXResourcesBuildPhase;
			buildActionMask = 2147483647;
			files = (
			);
			runOnlyForDeploymentPostprocessing = 0;
		};
/* End PBXResourcesBuildPhase section */

/* Begin PBXSourcesBuildPhase section */
		3A05C94022A3448100143AAF /* Sources */ = {
			isa = PBXSourcesBuildPhase;
			buildActionMask = 2147483647;
			files = (
				3A05C94A22A3448100143AAF /* CounterViewController.swift in Sources */,
				3A05C95D22A344B900143AAF /* ReduxCore.swift in Sources */,
				3A05C94822A3448100143AAF /* AppDelegate.swift in Sources */,
				3A05C95F22A346F800143AAF /* CounterRedux.swift in Sources */,
			);
			runOnlyForDeploymentPostprocessing = 0;
		};
		3A30E7E222A80ABE00FF3A4E /* Sources */ = {
			isa = PBXSourcesBuildPhase;
			buildActionMask = 2147483647;
			files = (
				3A30E7E922A80ABE00FF3A4E /* ReduxSampleUITests.swift in Sources */,
			);
			runOnlyForDeploymentPostprocessing = 0;
		};
		3A30E7F022AAA9A100FF3A4E /* Sources */ = {
			isa = PBXSourcesBuildPhase;
			buildActionMask = 2147483647;
			files = (
				3A30E7F722AAA9A100FF3A4E /* ReduxSampleTests.swift in Sources */,
			);
			runOnlyForDeploymentPostprocessing = 0;
		};
/* End PBXSourcesBuildPhase section */

/* Begin PBXTargetDependency section */
		3A30E7EC22A80ABE00FF3A4E /* PBXTargetDependency */ = {
			isa = PBXTargetDependency;
			target = 3A05C94322A3448100143AAF /* ReduxSample */;
			targetProxy = 3A30E7EB22A80ABE00FF3A4E /* PBXContainerItemProxy */;
		};
		3A30E7FA22AAA9A100FF3A4E /* PBXTargetDependency */ = {
			isa = PBXTargetDependency;
			target = 3A05C94322A3448100143AAF /* ReduxSample */;
			targetProxy = 3A30E7F922AAA9A100FF3A4E /* PBXContainerItemProxy */;
		};
/* End PBXTargetDependency section */

/* Begin PBXVariantGroup section */
		3A05C94B22A3448100143AAF /* Main.storyboard */ = {
			isa = PBXVariantGroup;
			children = (
				3A05C94C22A3448100143AAF /* Base */,
			);
			name = Main.storyboard;
			sourceTree = "<group>";
		};
		3A05C95322A3448300143AAF /* LaunchScreen.storyboard */ = {
			isa = PBXVariantGroup;
			children = (
				3A05C95422A3448300143AAF /* Base */,
			);
			name = LaunchScreen.storyboard;
			sourceTree = "<group>";
		};
/* End PBXVariantGroup section */

/* Begin XCBuildConfiguration section */
		3A05C95722A3448300143AAF /* Debug */ = {
			isa = XCBuildConfiguration;
			buildSettings = {
				ALWAYS_SEARCH_USER_PATHS = NO;
				CLANG_ANALYZER_NONNULL = YES;
				CLANG_ANALYZER_NUMBER_OBJECT_CONVERSION = YES_AGGRESSIVE;
				CLANG_CXX_LANGUAGE_STANDARD = "gnu++14";
				CLANG_CXX_LIBRARY = "libc++";
				CLANG_ENABLE_MODULES = YES;
				CLANG_ENABLE_OBJC_ARC = YES;
				CLANG_ENABLE_OBJC_WEAK = YES;
				CLANG_WARN_BLOCK_CAPTURE_AUTORELEASING = YES;
				CLANG_WARN_BOOL_CONVERSION = YES;
				CLANG_WARN_COMMA = YES;
				CLANG_WARN_CONSTANT_CONVERSION = YES;
				CLANG_WARN_DEPRECATED_OBJC_IMPLEMENTATIONS = YES;
				CLANG_WARN_DIRECT_OBJC_ISA_USAGE = YES_ERROR;
				CLANG_WARN_DOCUMENTATION_COMMENTS = YES;
				CLANG_WARN_EMPTY_BODY = YES;
				CLANG_WARN_ENUM_CONVERSION = YES;
				CLANG_WARN_INFINITE_RECURSION = YES;
				CLANG_WARN_INT_CONVERSION = YES;
				CLANG_WARN_NON_LITERAL_NULL_CONVERSION = YES;
				CLANG_WARN_OBJC_IMPLICIT_RETAIN_SELF = YES;
				CLANG_WARN_OBJC_LITERAL_CONVERSION = YES;
				CLANG_WARN_OBJC_ROOT_CLASS = YES_ERROR;
				CLANG_WARN_RANGE_LOOP_ANALYSIS = YES;
				CLANG_WARN_STRICT_PROTOTYPES = YES;
				CLANG_WARN_SUSPICIOUS_MOVE = YES;
				CLANG_WARN_UNGUARDED_AVAILABILITY = YES_AGGRESSIVE;
				CLANG_WARN_UNREACHABLE_CODE = YES;
				CLANG_WARN__DUPLICATE_METHOD_MATCH = YES;
				CODE_SIGN_IDENTITY = "iPhone Developer";
				COPY_PHASE_STRIP = NO;
				DEBUG_INFORMATION_FORMAT = dwarf;
				ENABLE_STRICT_OBJC_MSGSEND = YES;
				ENABLE_TESTABILITY = YES;
				GCC_C_LANGUAGE_STANDARD = gnu11;
				GCC_DYNAMIC_NO_PIC = NO;
				GCC_NO_COMMON_BLOCKS = YES;
				GCC_OPTIMIZATION_LEVEL = 0;
				GCC_PREPROCESSOR_DEFINITIONS = (
					"DEBUG=1",
					"$(inherited)",
				);
				GCC_WARN_64_TO_32_BIT_CONVERSION = YES;
				GCC_WARN_ABOUT_RETURN_TYPE = YES_ERROR;
				GCC_WARN_UNDECLARED_SELECTOR = YES;
				GCC_WARN_UNINITIALIZED_AUTOS = YES_AGGRESSIVE;
				GCC_WARN_UNUSED_FUNCTION = YES;
				GCC_WARN_UNUSED_VARIABLE = YES;
				IPHONEOS_DEPLOYMENT_TARGET = 12.1;
				MTL_ENABLE_DEBUG_INFO = INCLUDE_SOURCE;
				MTL_FAST_MATH = YES;
				ONLY_ACTIVE_ARCH = YES;
				SDKROOT = iphoneos;
				SWIFT_ACTIVE_COMPILATION_CONDITIONS = DEBUG;
				SWIFT_OPTIMIZATION_LEVEL = "-Onone";
			};
			name = Debug;
		};
		3A05C95822A3448300143AAF /* Release */ = {
			isa = XCBuildConfiguration;
			buildSettings = {
				ALWAYS_SEARCH_USER_PATHS = NO;
				CLANG_ANALYZER_NONNULL = YES;
				CLANG_ANALYZER_NUMBER_OBJECT_CONVERSION = YES_AGGRESSIVE;
				CLANG_CXX_LANGUAGE_STANDARD = "gnu++14";
				CLANG_CXX_LIBRARY = "libc++";
				CLANG_ENABLE_MODULES = YES;
				CLANG_ENABLE_OBJC_ARC = YES;
				CLANG_ENABLE_OBJC_WEAK = YES;
				CLANG_WARN_BLOCK_CAPTURE_AUTORELEASING = YES;
				CLANG_WARN_BOOL_CONVERSION = YES;
				CLANG_WARN_COMMA = YES;
				CLANG_WARN_CONSTANT_CONVERSION = YES;
				CLANG_WARN_DEPRECATED_OBJC_IMPLEMENTATIONS = YES;
				CLANG_WARN_DIRECT_OBJC_ISA_USAGE = YES_ERROR;
				CLANG_WARN_DOCUMENTATION_COMMENTS = YES;
				CLANG_WARN_EMPTY_BODY = YES;
				CLANG_WARN_ENUM_CONVERSION = YES;
				CLANG_WARN_INFINITE_RECURSION = YES;
				CLANG_WARN_INT_CONVERSION = YES;
				CLANG_WARN_NON_LITERAL_NULL_CONVERSION = YES;
				CLANG_WARN_OBJC_IMPLICIT_RETAIN_SELF = YES;
				CLANG_WARN_OBJC_LITERAL_CONVERSION = YES;
				CLANG_WARN_OBJC_ROOT_CLASS = YES_ERROR;
				CLANG_WARN_RANGE_LOOP_ANALYSIS = YES;
				CLANG_WARN_STRICT_PROTOTYPES = YES;
				CLANG_WARN_SUSPICIOUS_MOVE = YES;
				CLANG_WARN_UNGUARDED_AVAILABILITY = YES_AGGRESSIVE;
				CLANG_WARN_UNREACHABLE_CODE = YES;
				CLANG_WARN__DUPLICATE_METHOD_MATCH = YES;
				CODE_SIGN_IDENTITY = "iPhone Developer";
				COPY_PHASE_STRIP = NO;
				DEBUG_INFORMATION_FORMAT = "dwarf-with-dsym";
				ENABLE_NS_ASSERTIONS = NO;
				ENABLE_STRICT_OBJC_MSGSEND = YES;
				GCC_C_LANGUAGE_STANDARD = gnu11;
				GCC_NO_COMMON_BLOCKS = YES;
				GCC_WARN_64_TO_32_BIT_CONVERSION = YES;
				GCC_WARN_ABOUT_RETURN_TYPE = YES_ERROR;
				GCC_WARN_UNDECLARED_SELECTOR = YES;
				GCC_WARN_UNINITIALIZED_AUTOS = YES_AGGRESSIVE;
				GCC_WARN_UNUSED_FUNCTION = YES;
				GCC_WARN_UNUSED_VARIABLE = YES;
				IPHONEOS_DEPLOYMENT_TARGET = 12.1;
				MTL_ENABLE_DEBUG_INFO = NO;
				MTL_FAST_MATH = YES;
				SDKROOT = iphoneos;
				SWIFT_COMPILATION_MODE = wholemodule;
				SWIFT_OPTIMIZATION_LEVEL = "-O";
				VALIDATE_PRODUCT = YES;
			};
			name = Release;
		};
		3A05C95A22A3448300143AAF /* Debug */ = {
			isa = XCBuildConfiguration;
			buildSettings = {
				ASSETCATALOG_COMPILER_APPICON_NAME = AppIcon;
				CODE_SIGN_STYLE = Automatic;
				DEVELOPMENT_TEAM = 9TVY5F2R3C;
				INFOPLIST_FILE = ReduxSample/Info.plist;
				LD_RUNPATH_SEARCH_PATHS = (
					"$(inherited)",
					"@executable_path/Frameworks",
				);
				PRODUCT_BUNDLE_IDENTIFIER = com.abdelrahman.ReduxSample;
				PRODUCT_NAME = "$(TARGET_NAME)";
				SWIFT_VERSION = 4.2;
				TARGETED_DEVICE_FAMILY = "1,2";
			};
			name = Debug;
		};
		3A05C95B22A3448300143AAF /* Release */ = {
			isa = XCBuildConfiguration;
			buildSettings = {
				ASSETCATALOG_COMPILER_APPICON_NAME = AppIcon;
				CODE_SIGN_STYLE = Automatic;
				DEVELOPMENT_TEAM = 9TVY5F2R3C;
				INFOPLIST_FILE = ReduxSample/Info.plist;
				LD_RUNPATH_SEARCH_PATHS = (
					"$(inherited)",
					"@executable_path/Frameworks",
				);
				PRODUCT_BUNDLE_IDENTIFIER = com.abdelrahman.ReduxSample;
				PRODUCT_NAME = "$(TARGET_NAME)";
				SWIFT_VERSION = 4.2;
				TARGETED_DEVICE_FAMILY = "1,2";
			};
			name = Release;
		};
		3A30E7ED22A80ABE00FF3A4E /* Debug */ = {
			isa = XCBuildConfiguration;
			buildSettings = {
				CODE_SIGN_STYLE = Automatic;
				DEVELOPMENT_TEAM = 9TVY5F2R3C;
				INFOPLIST_FILE = ReduxSampleUITests/Info.plist;
				LD_RUNPATH_SEARCH_PATHS = (
					"$(inherited)",
					"@executable_path/Frameworks",
					"@loader_path/Frameworks",
				);
				PRODUCT_BUNDLE_IDENTIFIER = com.abdelrahman.ReduxSampleUITests;
				PRODUCT_NAME = "$(TARGET_NAME)";
				SWIFT_VERSION = 4.2;
				TARGETED_DEVICE_FAMILY = "1,2";
				TEST_TARGET_NAME = ReduxSample;
			};
			name = Debug;
		};
		3A30E7EE22A80ABE00FF3A4E /* Release */ = {
			isa = XCBuildConfiguration;
			buildSettings = {
				CODE_SIGN_STYLE = Automatic;
				DEVELOPMENT_TEAM = 9TVY5F2R3C;
				INFOPLIST_FILE = ReduxSampleUITests/Info.plist;
				LD_RUNPATH_SEARCH_PATHS = (
					"$(inherited)",
					"@executable_path/Frameworks",
					"@loader_path/Frameworks",
				);
				PRODUCT_BUNDLE_IDENTIFIER = com.abdelrahman.ReduxSampleUITests;
				PRODUCT_NAME = "$(TARGET_NAME)";
				SWIFT_VERSION = 4.2;
				TARGETED_DEVICE_FAMILY = "1,2";
				TEST_TARGET_NAME = ReduxSample;
			};
			name = Release;
		};
		3A30E7FC22AAA9A100FF3A4E /* Debug */ = {
			isa = XCBuildConfiguration;
			buildSettings = {
				BUNDLE_LOADER = "$(TEST_HOST)";
				CODE_SIGN_STYLE = Automatic;
				DEVELOPMENT_TEAM = 9TVY5F2R3C;
				INFOPLIST_FILE = ReduxSampleTests/Info.plist;
				LD_RUNPATH_SEARCH_PATHS = (
					"$(inherited)",
					"@executable_path/Frameworks",
					"@loader_path/Frameworks",
				);
				PRODUCT_BUNDLE_IDENTIFIER = com.abdelrahman.ReduxSampleTests;
				PRODUCT_NAME = "$(TARGET_NAME)";
				SWIFT_VERSION = 4.2;
				TARGETED_DEVICE_FAMILY = "1,2";
				TEST_HOST = "$(BUILT_PRODUCTS_DIR)/ReduxSample.app/ReduxSample";
			};
			name = Debug;
		};
		3A30E7FD22AAA9A100FF3A4E /* Release */ = {
			isa = XCBuildConfiguration;
			buildSettings = {
				BUNDLE_LOADER = "$(TEST_HOST)";
				CODE_SIGN_STYLE = Automatic;
				DEVELOPMENT_TEAM = 9TVY5F2R3C;
				INFOPLIST_FILE = ReduxSampleTests/Info.plist;
				LD_RUNPATH_SEARCH_PATHS = (
					"$(inherited)",
					"@executable_path/Frameworks",
					"@loader_path/Frameworks",
				);
				PRODUCT_BUNDLE_IDENTIFIER = com.abdelrahman.ReduxSampleTests;
				PRODUCT_NAME = "$(TARGET_NAME)";
				SWIFT_VERSION = 4.2;
				TARGETED_DEVICE_FAMILY = "1,2";
				TEST_HOST = "$(BUILT_PRODUCTS_DIR)/ReduxSample.app/ReduxSample";
			};
			name = Release;
		};
/* End XCBuildConfiguration section */

/* Begin XCConfigurationList section */
		3A05C93F22A3448100143AAF /* Build configuration list for PBXProject "ReduxSample" */ = {
			isa = XCConfigurationList;
			buildConfigurations = (
				3A05C95722A3448300143AAF /* Debug */,
				3A05C95822A3448300143AAF /* Release */,
			);
			defaultConfigurationIsVisible = 0;
			defaultConfigurationName = Release;
		};
		3A05C95922A3448300143AAF /* Build configuration list for PBXNativeTarget "ReduxSample" */ = {
			isa = XCConfigurationList;
			buildConfigurations = (
				3A05C95A22A3448300143AAF /* Debug */,
				3A05C95B22A3448300143AAF /* Release */,
			);
			defaultConfigurationIsVisible = 0;
			defaultConfigurationName = Release;
		};
		3A30E7EF22A80ABE00FF3A4E /* Build configuration list for PBXNativeTarget "ReduxSampleUITests" */ = {
			isa = XCConfigurationList;
			buildConfigurations = (
				3A30E7ED22A80ABE00FF3A4E /* Debug */,
				3A30E7EE22A80ABE00FF3A4E /* Release */,
			);
			defaultConfigurationIsVisible = 0;
			defaultConfigurationName = Release;
		};
		3A30E7FB22AAA9A100FF3A4E /* Build configuration list for PBXNativeTarget "ReduxSampleTests" */ = {
			isa = XCConfigurationList;
			buildConfigurations = (
				3A30E7FC22AAA9A100FF3A4E /* Debug */,
				3A30E7FD22AAA9A100FF3A4E /* Release */,
			);
			defaultConfigurationIsVisible = 0;
			defaultConfigurationName = Release;
		};
/* End XCConfigurationList section */
	};
	rootObject = 3A05C93C22A3448100143AAF /* Project object */;
}
